{
    "version": 3,
    "terraform_version": "0.11.10",
    "serial": 15,
    "lineage": "302fb77b-0306-88c2-d7c7-97aba212f592",
    "modules": [
        {
            "path": [
                "root"
            ],
            "outputs": {},
            "resources": {
                "aws_instance.kube_cluster": {
                    "type": "aws_instance",
                    "depends_on": [],
                    "primary": {
                        "id": "i-0d8f9a72126b760c3",
                        "attributes": {
                            "ami": "ami-0620d12a9cf777c87",
                            "arn": "arn:aws:ec2:ap-south-1:368322562980:instance/i-0d8f9a72126b760c3",
                            "associate_public_ip_address": "true",
                            "availability_zone": "ap-south-1a",
                            "cpu_core_count": "1",
                            "cpu_threads_per_core": "1",
                            "credit_specification.#": "1",
                            "credit_specification.0.cpu_credits": "standard",
                            "disable_api_termination": "false",
                            "ebs_block_device.#": "0",
                            "ebs_optimized": "false",
                            "ephemeral_block_device.#": "0",
                            "get_password_data": "false",
                            "hibernation": "false",
                            "iam_instance_profile": "",
                            "id": "i-0d8f9a72126b760c3",
                            "instance_state": "running",
                            "instance_type": "t2.micro",
                            "ipv6_address_count": "0",
                            "ipv6_addresses.#": "0",
                            "key_name": "kubernetes",
                            "monitoring": "false",
                            "network_interface.#": "0",
                            "password_data": "",
                            "placement_group": "",
                            "primary_network_interface_id": "eni-0993470ebedf7287f",
                            "private_dns": "ip-172-31-24-71.ap-south-1.compute.internal",
                            "private_ip": "172.31.24.71",
                            "public_dns": "ec2-13-233-124-174.ap-south-1.compute.amazonaws.com",
                            "public_ip": "13.233.124.174",
                            "root_block_device.#": "1",
                            "root_block_device.0.delete_on_termination": "true",
                            "root_block_device.0.encrypted": "false",
                            "root_block_device.0.iops": "100",
                            "root_block_device.0.kms_key_id": "",
                            "root_block_device.0.volume_id": "vol-0dbb6ef43fa89986a",
                            "root_block_device.0.volume_size": "8",
                            "root_block_device.0.volume_type": "gp2",
                            "security_groups.#": "1",
                            "security_groups.3814588639": "default",
                            "source_dest_check": "true",
                            "subnet_id": "subnet-8ea4e4e6",
                            "tags.%": "1",
                            "tags.name": "Master",
                            "tenancy": "default",
                            "user_data": "37427d32d19f6bdbb42a2c1e9a3fc8d57884dd2a",
                            "volume_tags.%": "0",
                            "vpc_security_group_ids.#": "1",
                            "vpc_security_group_ids.2934070748": "sg-6715680d"
                        },
                        "meta": {
                            "e2bfb730-ecaa-11e6-8f88-34363bc7c4c0": {
                                "create": 600000000000,
                                "delete": 1200000000000,
                                "update": 600000000000
                            },
                            "schema_version": "1"
                        },
                        "tainted": true
                    },
                    "deposed": [],
                    "provider": "provider.aws"
                }
            },
            "depends_on": []
        }
    ]
}
